// !$*UTF8*$!
{
	archiveVersion = 1;
	classes = {
	};
	objectVersion = 50;
	objects = {

/* Begin PBXBuildFile section */
		045DAF4D24B5F21B0046E116 /* NOCListTests.swift in Sources */ = {isa = PBXBuildFile; fileRef = 045DAF4C24B5F21B0046E116 /* NOCListTests.swift */; };
		045DAF5524B6075E0046E116 /* Agent.swift in Sources */ = {isa = PBXBuildFile; fileRef = 045DAF5424B6075E0046E116 /* Agent.swift */; };
		045DAF5E24B6113D0046E116 /* NOCListUITests.swift in Sources */ = {isa = PBXBuildFile; fileRef = 045DAF5D24B6113D0046E116 /* NOCListUITests.swift */; };
		CE86AB7D22F880D700E7DF04 /* AgentDetailViewController.swift in Sources */ = {isa = PBXBuildFile; fileRef = CE86AB7C22F880D700E7DF04 /* AgentDetailViewController.swift */; };
		CEC31CC8229759CC007F6F4A /* AppDelegate.swift in Sources */ = {isa = PBXBuildFile; fileRef = CEC31CC7229759CC007F6F4A /* AppDelegate.swift */; };
		CEC31CCD229759CC007F6F4A /* Main.storyboard in Resources */ = {isa = PBXBuildFile; fileRef = CEC31CCB229759CC007F6F4A /* Main.storyboard */; };
		CEC31CCF229759CC007F6F4A /* Assets.xcassets in Resources */ = {isa = PBXBuildFile; fileRef = CEC31CCE229759CC007F6F4A /* Assets.xcassets */; };
		CEC31CD2229759CC007F6F4A /* LaunchScreen.storyboard in Resources */ = {isa = PBXBuildFile; fileRef = CEC31CD0229759CC007F6F4A /* LaunchScreen.storyboard */; };
		CEC31CDA229759FA007F6F4A /* NOCListTableViewController.swift in Sources */ = {isa = PBXBuildFile; fileRef = CEC31CD9229759FA007F6F4A /* NOCListTableViewController.swift */; };
/* End PBXBuildFile section */

/* Begin PBXContainerItemProxy section */
		045DAF4F24B5F21B0046E116 /* PBXContainerItemProxy */ = {
			isa = PBXContainerItemProxy;
			containerPortal = CEC31CBC229759CC007F6F4A /* Project object */;
			proxyType = 1;
			remoteGlobalIDString = CEC31CC3229759CC007F6F4A;
			remoteInfo = NOCList;
		};
		045DAF6024B6113D0046E116 /* PBXContainerItemProxy */ = {
			isa = PBXContainerItemProxy;
			containerPortal = CEC31CBC229759CC007F6F4A /* Project object */;
			proxyType = 1;
			remoteGlobalIDString = CEC31CC3229759CC007F6F4A;
			remoteInfo = NOCList;
		};
/* End PBXContainerItemProxy section */

/* Begin PBXFileReference section */
		045DAF4A24B5F21B0046E116 /* NOCListTests.xctest */ = {isa = PBXFileReference; explicitFileType = wrapper.cfbundle; includeInIndex = 0; path = NOCListTests.xctest; sourceTree = BUILT_PRODUCTS_DIR; };
		045DAF4C24B5F21B0046E116 /* NOCListTests.swift */ = {isa = PBXFileReference; lastKnownFileType = sourcecode.swift; path = NOCListTests.swift; sourceTree = "<group>"; };
		045DAF4E24B5F21B0046E116 /* Info.plist */ = {isa = PBXFileReference; lastKnownFileType = text.plist.xml; path = Info.plist; sourceTree = "<group>"; };
		045DAF5424B6075E0046E116 /* Agent.swift */ = {isa = PBXFileReference; lastKnownFileType = sourcecode.swift; path = Agent.swift; sourceTree = "<group>"; };
		045DAF5B24B6113D0046E116 /* NOCListUITests.xctest */ = {isa = PBXFileReference; explicitFileType = wrapper.cfbundle; includeInIndex = 0; path = NOCListUITests.xctest; sourceTree = BUILT_PRODUCTS_DIR; };
		045DAF5D24B6113D0046E116 /* NOCListUITests.swift */ = {isa = PBXFileReference; lastKnownFileType = sourcecode.swift; path = NOCListUITests.swift; sourceTree = "<group>"; };
		045DAF5F24B6113D0046E116 /* Info.plist */ = {isa = PBXFileReference; lastKnownFileType = text.plist.xml; path = Info.plist; sourceTree = "<group>"; };
		CE86AB7C22F880D700E7DF04 /* AgentDetailViewController.swift */ = {isa = PBXFileReference; lastKnownFileType = sourcecode.swift; path = AgentDetailViewController.swift; sourceTree = "<group>"; };
		CEC31CC4229759CC007F6F4A /* NOCList.app */ = {isa = PBXFileReference; explicitFileType = wrapper.application; includeInIndex = 0; path = NOCList.app; sourceTree = BUILT_PRODUCTS_DIR; };
		CEC31CC7229759CC007F6F4A /* AppDelegate.swift */ = {isa = PBXFileReference; lastKnownFileType = sourcecode.swift; path = AppDelegate.swift; sourceTree = "<group>"; };
		CEC31CCC229759CC007F6F4A /* Base */ = {isa = PBXFileReference; lastKnownFileType = file.storyboard; name = Base; path = Base.lproj/Main.storyboard; sourceTree = "<group>"; };
		CEC31CCE229759CC007F6F4A /* Assets.xcassets */ = {isa = PBXFileReference; lastKnownFileType = folder.assetcatalog; path = Assets.xcassets; sourceTree = "<group>"; };
		CEC31CD1229759CC007F6F4A /* Base */ = {isa = PBXFileReference; lastKnownFileType = file.storyboard; name = Base; path = Base.lproj/LaunchScreen.storyboard; sourceTree = "<group>"; };
		CEC31CD3229759CC007F6F4A /* Info.plist */ = {isa = PBXFileReference; lastKnownFileType = text.plist.xml; path = Info.plist; sourceTree = "<group>"; };
		CEC31CD9229759FA007F6F4A /* NOCListTableViewController.swift */ = {isa = PBXFileReference; lastKnownFileType = sourcecode.swift; path = NOCListTableViewController.swift; sourceTree = "<group>"; };
/* End PBXFileReference section */

/* Begin PBXFrameworksBuildPhase section */
		045DAF4724B5F21B0046E116 /* Frameworks */ = {
			isa = PBXFrameworksBuildPhase;
			buildActionMask = 2147483647;
			files = (
			);
			runOnlyForDeploymentPostprocessing = 0;
		};
		045DAF5824B6113D0046E116 /* Frameworks */ = {
			isa = PBXFrameworksBuildPhase;
			buildActionMask = 2147483647;
			files = (
			);
			runOnlyForDeploymentPostprocessing = 0;
		};
		CEC31CC1229759CC007F6F4A /* Frameworks */ = {
			isa = PBXFrameworksBuildPhase;
			buildActionMask = 2147483647;
			files = (
			);
			runOnlyForDeploymentPostprocessing = 0;
		};
/* End PBXFrameworksBuildPhase section */

/* Begin PBXGroup section */
		045DAF4424B5F06F0046E116 /* Storyboard */ = {
			isa = PBXGroup;
			children = (
				CEC31CCB229759CC007F6F4A /* Main.storyboard */,
			);
			path = Storyboard;
			sourceTree = "<group>";
		};
		045DAF4524B5F07A0046E116 /* View Controller */ = {
			isa = PBXGroup;
			children = (
				CEC31CD9229759FA007F6F4A /* NOCListTableViewController.swift */,
				CE86AB7C22F880D700E7DF04 /* AgentDetailViewController.swift */,
			);
			path = "View Controller";
			sourceTree = "<group>";
		};
		045DAF4B24B5F21B0046E116 /* NOCListTests */ = {
			isa = PBXGroup;
			children = (
				045DAF4C24B5F21B0046E116 /* NOCListTests.swift */,
				045DAF4E24B5F21B0046E116 /* Info.plist */,
			);
			path = NOCListTests;
			sourceTree = "<group>";
		};
		045DAF5624B607650046E116 /* Model */ = {
			isa = PBXGroup;
			children = (
				045DAF5424B6075E0046E116 /* Agent.swift */,
			);
			path = Model;
			sourceTree = "<group>";
		};
		045DAF5C24B6113D0046E116 /* NOCListUITests */ = {
			isa = PBXGroup;
			children = (
				045DAF5D24B6113D0046E116 /* NOCListUITests.swift */,
				045DAF5F24B6113D0046E116 /* Info.plist */,
			);
			path = NOCListUITests;
			sourceTree = "<group>";
		};
		CEC31CBB229759CC007F6F4A = {
			isa = PBXGroup;
			children = (
				CEC31CC6229759CC007F6F4A /* NOCList */,
				045DAF4B24B5F21B0046E116 /* NOCListTests */,
				045DAF5C24B6113D0046E116 /* NOCListUITests */,
				CEC31CC5229759CC007F6F4A /* Products */,
			);
			sourceTree = "<group>";
		};
		CEC31CC5229759CC007F6F4A /* Products */ = {
			isa = PBXGroup;
			children = (
				CEC31CC4229759CC007F6F4A /* NOCList.app */,
				045DAF4A24B5F21B0046E116 /* NOCListTests.xctest */,
				045DAF5B24B6113D0046E116 /* NOCListUITests.xctest */,
			);
			name = Products;
			sourceTree = "<group>";
		};
		CEC31CC6229759CC007F6F4A /* NOCList */ = {
			isa = PBXGroup;
			children = (
				CEC31CC7229759CC007F6F4A /* AppDelegate.swift */,
				045DAF5624B607650046E116 /* Model */,
				045DAF4524B5F07A0046E116 /* View Controller */,
				045DAF4424B5F06F0046E116 /* Storyboard */,
				CEC31CCE229759CC007F6F4A /* Assets.xcassets */,
				CEC31CD0229759CC007F6F4A /* LaunchScreen.storyboard */,
				CEC31CD3229759CC007F6F4A /* Info.plist */,
			);
			path = NOCList;
			sourceTree = "<group>";
		};
/* End PBXGroup section */

/* Begin PBXNativeTarget section */
		045DAF4924B5F21B0046E116 /* NOCListTests */ = {
			isa = PBXNativeTarget;
			buildConfigurationList = 045DAF5124B5F21B0046E116 /* Build configuration list for PBXNativeTarget "NOCListTests" */;
			buildPhases = (
				045DAF4624B5F21B0046E116 /* Sources */,
				045DAF4724B5F21B0046E116 /* Frameworks */,
				045DAF4824B5F21B0046E116 /* Resources */,
			);
			buildRules = (
			);
			dependencies = (
				045DAF5024B5F21B0046E116 /* PBXTargetDependency */,
			);
			name = NOCListTests;
			productName = NOCListTests;
			productReference = 045DAF4A24B5F21B0046E116 /* NOCListTests.xctest */;
			productType = "com.apple.product-type.bundle.unit-test";
		};
		045DAF5A24B6113D0046E116 /* NOCListUITests */ = {
			isa = PBXNativeTarget;
			buildConfigurationList = 045DAF6224B6113D0046E116 /* Build configuration list for PBXNativeTarget "NOCListUITests" */;
			buildPhases = (
				045DAF5724B6113D0046E116 /* Sources */,
				045DAF5824B6113D0046E116 /* Frameworks */,
				045DAF5924B6113D0046E116 /* Resources */,
			);
			buildRules = (
			);
			dependencies = (
				045DAF6124B6113D0046E116 /* PBXTargetDependency */,
			);
			name = NOCListUITests;
			productName = NOCListUITests;
			productReference = 045DAF5B24B6113D0046E116 /* NOCListUITests.xctest */;
			productType = "com.apple.product-type.bundle.ui-testing";
		};
		CEC31CC3229759CC007F6F4A /* NOCList */ = {
			isa = PBXNativeTarget;
			buildConfigurationList = CEC31CD6229759CC007F6F4A /* Build configuration list for PBXNativeTarget "NOCList" */;
			buildPhases = (
				CEC31CC0229759CC007F6F4A /* Sources */,
				CEC31CC1229759CC007F6F4A /* Frameworks */,
				CEC31CC2229759CC007F6F4A /* Resources */,
			);
			buildRules = (
			);
			dependencies = (
			);
			name = NOCList;
			productName = NOCList;
			productReference = CEC31CC4229759CC007F6F4A /* NOCList.app */;
			productType = "com.apple.product-type.application";
		};
/* End PBXNativeTarget section */

/* Begin PBXProject section */
		CEC31CBC229759CC007F6F4A /* Project object */ = {
			isa = PBXProject;
			attributes = {
				LastSwiftUpdateCheck = 1150;
				LastUpgradeCheck = 1020;
				ORGANIZATIONNAME = "Lambda School";
				TargetAttributes = {
					045DAF4924B5F21B0046E116 = {
						CreatedOnToolsVersion = 11.5;
						TestTargetID = CEC31CC3229759CC007F6F4A;
					};
					045DAF5A24B6113D0046E116 = {
						CreatedOnToolsVersion = 11.5;
						TestTargetID = CEC31CC3229759CC007F6F4A;
					};
					CEC31CC3229759CC007F6F4A = {
						CreatedOnToolsVersion = 10.2.1;
					};
				};
			};
			buildConfigurationList = CEC31CBF229759CC007F6F4A /* Build configuration list for PBXProject "NOCList" */;
			compatibilityVersion = "Xcode 9.3";
			developmentRegion = en;
			hasScannedForEncodings = 0;
			knownRegions = (
				en,
				Base,
			);
			mainGroup = CEC31CBB229759CC007F6F4A;
			productRefGroup = CEC31CC5229759CC007F6F4A /* Products */;
			projectDirPath = "";
			projectRoot = "";
			targets = (
				CEC31CC3229759CC007F6F4A /* NOCList */,
				045DAF4924B5F21B0046E116 /* NOCListTests */,
				045DAF5A24B6113D0046E116 /* NOCListUITests */,
			);
		};
/* End PBXProject section */

/* Begin PBXResourcesBuildPhase section */
		045DAF4824B5F21B0046E116 /* Resources */ = {
			isa = PBXResourcesBuildPhase;
			buildActionMask = 2147483647;
			files = (
			);
			runOnlyForDeploymentPostprocessing = 0;
		};
		045DAF5924B6113D0046E116 /* Resources */ = {
			isa = PBXResourcesBuildPhase;
			buildActionMask = 2147483647;
			files = (
			);
			runOnlyForDeploymentPostprocessing = 0;
		};
		CEC31CC2229759CC007F6F4A /* Resources */ = {
			isa = PBXResourcesBuildPhase;
			buildActionMask = 2147483647;
			files = (
				CEC31CD2229759CC007F6F4A /* LaunchScreen.storyboard in Resources */,
				CEC31CCF229759CC007F6F4A /* Assets.xcassets in Resources */,
				CEC31CCD229759CC007F6F4A /* Main.storyboard in Resources */,
			);
			runOnlyForDeploymentPostprocessing = 0;
		};
/* End PBXResourcesBuildPhase section */

/* Begin PBXSourcesBuildPhase section */
		045DAF4624B5F21B0046E116 /* Sources */ = {
			isa = PBXSourcesBuildPhase;
			buildActionMask = 2147483647;
			files = (
				045DAF4D24B5F21B0046E116 /* NOCListTests.swift in Sources */,
			);
			runOnlyForDeploymentPostprocessing = 0;
		};
		045DAF5724B6113D0046E116 /* Sources */ = {
			isa = PBXSourcesBuildPhase;
			buildActionMask = 2147483647;
			files = (
				045DAF5E24B6113D0046E116 /* NOCListUITests.swift in Sources */,
			);
			runOnlyForDeploymentPostprocessing = 0;
		};
		CEC31CC0229759CC007F6F4A /* Sources */ = {
			isa = PBXSourcesBuildPhase;
			buildActionMask = 2147483647;
			files = (
				CEC31CC8229759CC007F6F4A /* AppDelegate.swift in Sources */,
				045DAF5524B6075E0046E116 /* Agent.swift in Sources */,
				CE86AB7D22F880D700E7DF04 /* AgentDetailViewController.swift in Sources */,
				CEC31CDA229759FA007F6F4A /* NOCListTableViewController.swift in Sources */,
			);
			runOnlyForDeploymentPostprocessing = 0;
		};
/* End PBXSourcesBuildPhase section */

/* Begin PBXTargetDependency section */
		045DAF5024B5F21B0046E116 /* PBXTargetDependency */ = {
			isa = PBXTargetDependency;
			target = CEC31CC3229759CC007F6F4A /* NOCList */;
			targetProxy = 045DAF4F24B5F21B0046E116 /* PBXContainerItemProxy */;
		};
		045DAF6124B6113D0046E116 /* PBXTargetDependency */ = {
			isa = PBXTargetDependency;
			target = CEC31CC3229759CC007F6F4A /* NOCList */;
			targetProxy = 045DAF6024B6113D0046E116 /* PBXContainerItemProxy */;
		};
/* End PBXTargetDependency section */

/* Begin PBXVariantGroup section */
		CEC31CCB229759CC007F6F4A /* Main.storyboard */ = {
			isa = PBXVariantGroup;
			children = (
				CEC31CCC229759CC007F6F4A /* Base */,
			);
			name = Main.storyboard;
			sourceTree = "<group>";
		};
		CEC31CD0229759CC007F6F4A /* LaunchScreen.storyboard */ = {
			isa = PBXVariantGroup;
			children = (
				CEC31CD1229759CC007F6F4A /* Base */,
			);
			name = LaunchScreen.storyboard;
			sourceTree = "<group>";
		};
/* End PBXVariantGroup section */

/* Begin XCBuildConfiguration section */
		045DAF5224B5F21B0046E116 /* Debug */ = {
			isa = XCBuildConfiguration;
			buildSettings = {
				BUNDLE_LOADER = "$(TEST_HOST)";
				CODE_SIGN_STYLE = Automatic;
				DEVELOPMENT_TEAM = N3P8URX7UV;
				INFOPLIST_FILE = NOCListTests/Info.plist;
				IPHONEOS_DEPLOYMENT_TARGET = 13.5;
				LD_RUNPATH_SEARCH_PATHS = (
					"$(inherited)",
					"@executable_path/Frameworks",
					"@loader_path/Frameworks",
				);
				PRODUCT_BUNDLE_IDENTIFIER = com.productions.fritzgt.NOCListTests;
				PRODUCT_NAME = "$(TARGET_NAME)";
				SWIFT_VERSION = 5.0;
				TARGETED_DEVICE_FAMILY = "1,2";
				TEST_HOST = "$(BUILT_PRODUCTS_DIR)/NOCList.app/NOCList";
			};
			name = Debug;
		};
		045DAF5324B5F21B0046E116 /* Release */ = {
			isa = XCBuildConfiguration;
			buildSettings = {
				BUNDLE_LOADER = "$(TEST_HOST)";
				CODE_SIGN_STYLE = Automatic;
				DEVELOPMENT_TEAM = N3P8URX7UV;
				INFOPLIST_FILE = NOCListTests/Info.plist;
				IPHONEOS_DEPLOYMENT_TARGET = 13.5;
				LD_RUNPATH_SEARCH_PATHS = (
					"$(inherited)",
					"@executable_path/Frameworks",
					"@loader_path/Frameworks",
				);
				PRODUCT_BUNDLE_IDENTIFIER = com.productions.fritzgt.NOCListTests;
				PRODUCT_NAME = "$(TARGET_NAME)";
				SWIFT_VERSION = 5.0;
				TARGETED_DEVICE_FAMILY = "1,2";
				TEST_HOST = "$(BUILT_PRODUCTS_DIR)/NOCList.app/NOCList";
			};
			name = Release;
		};
		045DAF6324B6113D0046E116 /* Debug */ = {
			isa = XCBuildConfiguration;
			buildSettings = {
				CODE_SIGN_STYLE = Automatic;
				DEVELOPMENT_TEAM = N3P8URX7UV;
				INFOPLIST_FILE = NOCListUITests/Info.plist;
				IPHONEOS_DEPLOYMENT_TARGET = 13.5;
				LD_RUNPATH_SEARCH_PATHS = (
					"$(inherited)",
					"@executable_path/Frameworks",
					"@loader_path/Frameworks",
				);
				PRODUCT_BUNDLE_IDENTIFIER = com.productions.fritzgt.NOCListUITests;
				PRODUCT_NAME = "$(TARGET_NAME)";
				SWIFT_VERSION = 5.0;
				TARGETED_DEVICE_FAMILY = "1,2";
				TEST_TARGET_NAME = NOCList;
			};
			name = Debug;
		};
		045DAF6424B6113D0046E116 /* Release */ = {
			isa = XCBuildConfiguration;
			buildSettings = {
				CODE_SIGN_STYLE = Automatic;
				DEVELOPMENT_TEAM = N3P8URX7UV;
				INFOPLIST_FILE = NOCListUITests/Info.plist;
				IPHONEOS_DEPLOYMENT_TARGET = 13.5;
				LD_RUNPATH_SEARCH_PATHS = (
					"$(inherited)",
					"@executable_path/Frameworks",
					"@loader_path/Frameworks",
				);
				PRODUCT_BUNDLE_IDENTIFIER = com.productions.fritzgt.NOCListUITests;
				PRODUCT_NAME = "$(TARGET_NAME)";
				SWIFT_VERSION = 5.0;
				TARGETED_DEVICE_FAMILY = "1,2";
				TEST_TARGET_NAME = NOCList;
			};
			name = Release;
		};
		CEC31CD4229759CC007F6F4A /* Debug */ = {
			isa = XCBuildConfiguration;
			buildSettings = {
				ALWAYS_SEARCH_USER_PATHS = NO;
				CLANG_ANALYZER_NONNULL = YES;
				CLANG_ANALYZER_NUMBER_OBJECT_CONVERSION = YES_AGGRESSIVE;
				CLANG_CXX_LANGUAGE_STANDARD = "gnu++14";
				CLANG_CXX_LIBRARY = "libc++";
				CLANG_ENABLE_MODULES = YES;
				CLANG_ENABLE_OBJC_ARC = YES;
				CLANG_ENABLE_OBJC_WEAK = YES;
				CLANG_WARN_BLOCK_CAPTURE_AUTORELEASING = YES;
				CLANG_WARN_BOOL_CONVERSION = YES;
				CLANG_WARN_COMMA = YES;
				CLANG_WARN_CONSTANT_CONVERSION = YES;
				CLANG_WARN_DEPRECATED_OBJC_IMPLEMENTATIONS = YES;
				CLANG_WARN_DIRECT_OBJC_ISA_USAGE = YES_ERROR;
				CLANG_WARN_DOCUMENTATION_COMMENTS = YES;
				CLANG_WARN_EMPTY_BODY = YES;
				CLANG_WARN_ENUM_CONVERSION = YES;
				CLANG_WARN_INFINITE_RECURSION = YES;
				CLANG_WARN_INT_CONVERSION = YES;
				CLANG_WARN_NON_LITERAL_NULL_CONVERSION = YES;
				CLANG_WARN_OBJC_IMPLICIT_RETAIN_SELF = YES;
				CLANG_WARN_OBJC_LITERAL_CONVERSION = YES;
				CLANG_WARN_OBJC_ROOT_CLASS = YES_ERROR;
				CLANG_WARN_RANGE_LOOP_ANALYSIS = YES;
				CLANG_WARN_STRICT_PROTOTYPES = YES;
				CLANG_WARN_SUSPICIOUS_MOVE = YES;
				CLANG_WARN_UNGUARDED_AVAILABILITY = YES_AGGRESSIVE;
				CLANG_WARN_UNREACHABLE_CODE = YES;
				CLANG_WARN__DUPLICATE_METHOD_MATCH = YES;
				CODE_SIGN_IDENTITY = "iPhone Developer";
				COPY_PHASE_STRIP = NO;
				DEBUG_INFORMATION_FORMAT = dwarf;
				ENABLE_STRICT_OBJC_MSGSEND = YES;
				ENABLE_TESTABILITY = YES;
				GCC_C_LANGUAGE_STANDARD = gnu11;
				GCC_DYNAMIC_NO_PIC = NO;
				GCC_NO_COMMON_BLOCKS = YES;
				GCC_OPTIMIZATION_LEVEL = 0;
				GCC_PREPROCESSOR_DEFINITIONS = (
					"DEBUG=1",
					"$(inherited)",
				);
				GCC_WARN_64_TO_32_BIT_CONVERSION = YES;
				GCC_WARN_ABOUT_RETURN_TYPE = YES_ERROR;
				GCC_WARN_UNDECLARED_SELECTOR = YES;
				GCC_WARN_UNINITIALIZED_AUTOS = YES_AGGRESSIVE;
				GCC_WARN_UNUSED_FUNCTION = YES;
				GCC_WARN_UNUSED_VARIABLE = YES;
				IPHONEOS_DEPLOYMENT_TARGET = 12.2;
				MTL_ENABLE_DEBUG_INFO = INCLUDE_SOURCE;
				MTL_FAST_MATH = YES;
				ONLY_ACTIVE_ARCH = YES;
				SDKROOT = iphoneos;
				SWIFT_ACTIVE_COMPILATION_CONDITIONS = DEBUG;
				SWIFT_OPTIMIZATION_LEVEL = "-Onone";
			};
			name = Debug;
		};
		CEC31CD5229759CC007F6F4A /* Release */ = {
			isa = XCBuildConfiguration;
			buildSettings = {
				ALWAYS_SEARCH_USER_PATHS = NO;
				CLANG_ANALYZER_NONNULL = YES;
				CLANG_ANALYZER_NUMBER_OBJECT_CONVERSION = YES_AGGRESSIVE;
				CLANG_CXX_LANGUAGE_STANDARD = "gnu++14";
				CLANG_CXX_LIBRARY = "libc++";
				CLANG_ENABLE_MODULES = YES;
				CLANG_ENABLE_OBJC_ARC = YES;
				CLANG_ENABLE_OBJC_WEAK = YES;
				CLANG_WARN_BLOCK_CAPTURE_AUTORELEASING = YES;
				CLANG_WARN_BOOL_CONVERSION = YES;
				CLANG_WARN_COMMA = YES;
				CLANG_WARN_CONSTANT_CONVERSION = YES;
				CLANG_WARN_DEPRECATED_OBJC_IMPLEMENTATIONS = YES;
				CLANG_WARN_DIRECT_OBJC_ISA_USAGE = YES_ERROR;
				CLANG_WARN_DOCUMENTATION_COMMENTS = YES;
				CLANG_WARN_EMPTY_BODY = YES;
				CLANG_WARN_ENUM_CONVERSION = YES;
				CLANG_WARN_INFINITE_RECURSION = YES;
				CLANG_WARN_INT_CONVERSION = YES;
				CLANG_WARN_NON_LITERAL_NULL_CONVERSION = YES;
				CLANG_WARN_OBJC_IMPLICIT_RETAIN_SELF = YES;
				CLANG_WARN_OBJC_LITERAL_CONVERSION = YES;
				CLANG_WARN_OBJC_ROOT_CLASS = YES_ERROR;
				CLANG_WARN_RANGE_LOOP_ANALYSIS = YES;
				CLANG_WARN_STRICT_PROTOTYPES = YES;
				CLANG_WARN_SUSPICIOUS_MOVE = YES;
				CLANG_WARN_UNGUARDED_AVAILABILITY = YES_AGGRESSIVE;
				CLANG_WARN_UNREACHABLE_CODE = YES;
				CLANG_WARN__DUPLICATE_METHOD_MATCH = YES;
				CODE_SIGN_IDENTITY = "iPhone Developer";
				COPY_PHASE_STRIP = NO;
				DEBUG_INFORMATION_FORMAT = "dwarf-with-dsym";
				ENABLE_NS_ASSERTIONS = NO;
				ENABLE_STRICT_OBJC_MSGSEND = YES;
				GCC_C_LANGUAGE_STANDARD = gnu11;
				GCC_NO_COMMON_BLOCKS = YES;
				GCC_WARN_64_TO_32_BIT_CONVERSION = YES;
				GCC_WARN_ABOUT_RETURN_TYPE = YES_ERROR;
				GCC_WARN_UNDECLARED_SELECTOR = YES;
				GCC_WARN_UNINITIALIZED_AUTOS = YES_AGGRESSIVE;
				GCC_WARN_UNUSED_FUNCTION = YES;
				GCC_WARN_UNUSED_VARIABLE = YES;
				IPHONEOS_DEPLOYMENT_TARGET = 12.2;
				MTL_ENABLE_DEBUG_INFO = NO;
				MTL_FAST_MATH = YES;
				SDKROOT = iphoneos;
				SWIFT_COMPILATION_MODE = wholemodule;
				SWIFT_OPTIMIZATION_LEVEL = "-O";
				VALIDATE_PRODUCT = YES;
			};
			name = Release;
		};
		CEC31CD7229759CC007F6F4A /* Debug */ = {
			isa = XCBuildConfiguration;
			buildSettings = {
				ASSETCATALOG_COMPILER_APPICON_NAME = AppIcon;
				CODE_SIGN_STYLE = Automatic;
				DEVELOPMENT_TEAM = N3P8URX7UV;
				INFOPLIST_FILE = NOCList/Info.plist;
				LD_RUNPATH_SEARCH_PATHS = (
					"$(inherited)",
					"@executable_path/Frameworks",
				);
				PRODUCT_BUNDLE_IDENTIFIER = com.lambdaschool.NOCList;
				PRODUCT_NAME = "$(TARGET_NAME)";
				SWIFT_VERSION = 5.0;
				TARGETED_DEVICE_FAMILY = "1,2";
			};
			name = Debug;
		};
		CEC31CD8229759CC007F6F4A /* Release */ = {
			isa = XCBuildConfiguration;
			buildSettings = {
				ASSETCATALOG_COMPILER_APPICON_NAME = AppIcon;
				CODE_SIGN_STYLE = Automatic;
				DEVELOPMENT_TEAM = N3P8URX7UV;
				INFOPLIST_FILE = NOCList/Info.plist;
				LD_RUNPATH_SEARCH_PATHS = (
					"$(inherited)",
					"@executable_path/Frameworks",
				);
				PRODUCT_BUNDLE_IDENTIFIER = com.lambdaschool.NOCList;
				PRODUCT_NAME = "$(TARGET_NAME)";
				SWIFT_VERSION = 5.0;
				TARGETED_DEVICE_FAMILY = "1,2";
			};
			name = Release;
		};
/* End XCBuildConfiguration section */

/* Begin XCConfigurationList section */
		045DAF5124B5F21B0046E116 /* Build configuration list for PBXNativeTarget "NOCListTests" */ = {
			isa = XCConfigurationList;
			buildConfigurations = (
				045DAF5224B5F21B0046E116 /* Debug */,
				045DAF5324B5F21B0046E116 /* Release */,
			);
			defaultConfigurationIsVisible = 0;
			defaultConfigurationName = Release;
		};
		045DAF6224B6113D0046E116 /* Build configuration list for PBXNativeTarget "NOCListUITests" */ = {
			isa = XCConfigurationList;
			buildConfigurations = (
				045DAF6324B6113D0046E116 /* Debug */,
				045DAF6424B6113D0046E116 /* Release */,
			);
			defaultConfigurationIsVisible = 0;
			defaultConfigurationName = Release;
		};
		CEC31CBF229759CC007F6F4A /* Build configuration list for PBXProject "NOCList" */ = {
			isa = XCConfigurationList;
			buildConfigurations = (
				CEC31CD4229759CC007F6F4A /* Debug */,
				CEC31CD5229759CC007F6F4A /* Release */,
			);
			defaultConfigurationIsVisible = 0;
			defaultConfigurationName = Release;
		};
		CEC31CD6229759CC007F6F4A /* Build configuration list for PBXNativeTarget "NOCList" */ = {
			isa = XCConfigurationList;
			buildConfigurations = (
				CEC31CD7229759CC007F6F4A /* Debug */,
				CEC31CD8229759CC007F6F4A /* Release */,
			);
			defaultConfigurationIsVisible = 0;
			defaultConfigurationName = Release;
		};
/* End XCConfigurationList section */
	};
	rootObject = CEC31CBC229759CC007F6F4A /* Project object */;
}
